// !$*UTF8*$!
{
	archiveVersion = 1;
	classes = {
	};
	objectVersion = 46;
	objects = {

/* Begin PBXBuildFile section */
		9B598F361F8BCFA400FCAB49 /* DataObserver.swift in Sources */ = {isa = PBXBuildFile; fileRef = 9B598F351F8BCFA400FCAB49 /* DataObserver.swift */; };
		9B598F3E1F8BD7A400FCAB49 /* VideoRecordTests.swift in Sources */ = {isa = PBXBuildFile; fileRef = 9B598F3D1F8BD7A400FCAB49 /* VideoRecordTests.swift */; };
		9BF62A4F1F8CEB3200AE9141 /* VideoUtils.swift in Sources */ = {isa = PBXBuildFile; fileRef = 9BF62A4E1F8CEB3200AE9141 /* VideoUtils.swift */; };
		9BF62A511F8CEC9F00AE9141 /* Video.swift in Sources */ = {isa = PBXBuildFile; fileRef = 9BF62A501F8CEC9F00AE9141 /* Video.swift */; };
		9BF62A591F8CFC0300AE9141 /* AZVideoRecorderUITests.swift in Sources */ = {isa = PBXBuildFile; fileRef = 9BF62A581F8CFC0300AE9141 /* AZVideoRecorderUITests.swift */; };
		9BFBA5C81F8BBC6A0023EC7F /* CapturedVideosCollectionVC.swift in Sources */ = {isa = PBXBuildFile; fileRef = 9BFBA5C71F8BBC6A0023EC7F /* CapturedVideosCollectionVC.swift */; };
		9BFBA5CB1F8BC1D20023EC7F /* VideoCollectionCell.swift in Sources */ = {isa = PBXBuildFile; fileRef = 9BFBA5CA1F8BC1D20023EC7F /* VideoCollectionCell.swift */; };
		C733F3E11D3D18CE00072F73 /* AVFoundation.framework in Frameworks */ = {isa = PBXBuildFile; fileRef = C733F3DF1D3D18CE00072F73 /* AVFoundation.framework */; };
		C73D7C211D55DE100065BB78 /* VideoRecorder.swift in Sources */ = {isa = PBXBuildFile; fileRef = C73D7C201D55DE100065BB78 /* VideoRecorder.swift */; };
		C745FABD1D3E243700289BBE /* AssetsLibrary.framework in Frameworks */ = {isa = PBXBuildFile; fileRef = C745FABC1D3E243700289BBE /* AssetsLibrary.framework */; };
		C77575A81D4FAD8700215573 /* Timer.swift in Sources */ = {isa = PBXBuildFile; fileRef = C77575A71D4FAD8700215573 /* Timer.swift */; };
		C7B45C5B1D3E9149003AC44C /* CameraBarButton.swift in Sources */ = {isa = PBXBuildFile; fileRef = C7B45C591D3E9149003AC44C /* CameraBarButton.swift */; };
		C7B45C5C1D3E9149003AC44C /* RecordButton.swift in Sources */ = {isa = PBXBuildFile; fileRef = C7B45C5A1D3E9149003AC44C /* RecordButton.swift */; };
		C7F03DFC1D3CBADA002B10C1 /* AppDelegate.swift in Sources */ = {isa = PBXBuildFile; fileRef = C7F03DFB1D3CBADA002B10C1 /* AppDelegate.swift */; };
		C7F03DFE1D3CBADA002B10C1 /* ViewController.swift in Sources */ = {isa = PBXBuildFile; fileRef = C7F03DFD1D3CBADA002B10C1 /* ViewController.swift */; };
		C7F03E011D3CBADA002B10C1 /* Main.storyboard in Resources */ = {isa = PBXBuildFile; fileRef = C7F03DFF1D3CBADA002B10C1 /* Main.storyboard */; };
		C7F03E031D3CBADA002B10C1 /* Assets.xcassets in Resources */ = {isa = PBXBuildFile; fileRef = C7F03E021D3CBADA002B10C1 /* Assets.xcassets */; };
		C7F03E061D3CBADA002B10C1 /* LaunchScreen.storyboard in Resources */ = {isa = PBXBuildFile; fileRef = C7F03E041D3CBADA002B10C1 /* LaunchScreen.storyboard */; };
/* End PBXBuildFile section */

/* Begin PBXContainerItemProxy section */
		9B598F401F8BD7A400FCAB49 /* PBXContainerItemProxy */ = {
			isa = PBXContainerItemProxy;
			containerPortal = C7F03DF01D3CBADA002B10C1 /* Project object */;
			proxyType = 1;
			remoteGlobalIDString = C7F03DF71D3CBADA002B10C1;
			remoteInfo = VideoRecord;
		};
		9BF62A5B1F8CFC0300AE9141 /* PBXContainerItemProxy */ = {
			isa = PBXContainerItemProxy;
			containerPortal = C7F03DF01D3CBADA002B10C1 /* Project object */;
			proxyType = 1;
			remoteGlobalIDString = C7F03DF71D3CBADA002B10C1;
			remoteInfo = AZVideoRecorder;
		};
/* End PBXContainerItemProxy section */

/* Begin PBXFileReference section */
		9B598F351F8BCFA400FCAB49 /* DataObserver.swift */ = {isa = PBXFileReference; lastKnownFileType = sourcecode.swift; path = DataObserver.swift; sourceTree = "<group>"; };
		9B598F3B1F8BD7A400FCAB49 /* AZVideoRecorderTests.xctest */ = {isa = PBXFileReference; explicitFileType = wrapper.cfbundle; includeInIndex = 0; path = AZVideoRecorderTests.xctest; sourceTree = BUILT_PRODUCTS_DIR; };
		9B598F3D1F8BD7A400FCAB49 /* VideoRecordTests.swift */ = {isa = PBXFileReference; lastKnownFileType = sourcecode.swift; path = VideoRecordTests.swift; sourceTree = "<group>"; };
		9B598F3F1F8BD7A400FCAB49 /* Info.plist */ = {isa = PBXFileReference; lastKnownFileType = text.plist.xml; path = Info.plist; sourceTree = "<group>"; };
		9BF62A4E1F8CEB3200AE9141 /* VideoUtils.swift */ = {isa = PBXFileReference; lastKnownFileType = sourcecode.swift; path = VideoUtils.swift; sourceTree = "<group>"; };
		9BF62A501F8CEC9F00AE9141 /* Video.swift */ = {isa = PBXFileReference; lastKnownFileType = sourcecode.swift; path = Video.swift; sourceTree = "<group>"; };
		9BF62A561F8CFC0300AE9141 /* AZVideoRecorderUITests.xctest */ = {isa = PBXFileReference; explicitFileType = wrapper.cfbundle; includeInIndex = 0; path = AZVideoRecorderUITests.xctest; sourceTree = BUILT_PRODUCTS_DIR; };
		9BF62A581F8CFC0300AE9141 /* AZVideoRecorderUITests.swift */ = {isa = PBXFileReference; lastKnownFileType = sourcecode.swift; path = AZVideoRecorderUITests.swift; sourceTree = "<group>"; };
		9BF62A5A1F8CFC0300AE9141 /* Info.plist */ = {isa = PBXFileReference; lastKnownFileType = text.plist.xml; path = Info.plist; sourceTree = "<group>"; };
		9BFBA5C71F8BBC6A0023EC7F /* CapturedVideosCollectionVC.swift */ = {isa = PBXFileReference; lastKnownFileType = sourcecode.swift; path = CapturedVideosCollectionVC.swift; sourceTree = "<group>"; };
		9BFBA5CA1F8BC1D20023EC7F /* VideoCollectionCell.swift */ = {isa = PBXFileReference; lastKnownFileType = sourcecode.swift; path = VideoCollectionCell.swift; sourceTree = "<group>"; };
		C733F3DF1D3D18CE00072F73 /* AVFoundation.framework */ = {isa = PBXFileReference; lastKnownFileType = wrapper.framework; name = AVFoundation.framework; path = System/Library/Frameworks/AVFoundation.framework; sourceTree = SDKROOT; };
		C73D7C201D55DE100065BB78 /* VideoRecorder.swift */ = {isa = PBXFileReference; fileEncoding = 4; lastKnownFileType = sourcecode.swift; path = VideoRecorder.swift; sourceTree = "<group>"; };
		C745FABC1D3E243700289BBE /* AssetsLibrary.framework */ = {isa = PBXFileReference; lastKnownFileType = wrapper.framework; name = AssetsLibrary.framework; path = System/Library/Frameworks/AssetsLibrary.framework; sourceTree = SDKROOT; };
		C77575A71D4FAD8700215573 /* Timer.swift */ = {isa = PBXFileReference; fileEncoding = 4; lastKnownFileType = sourcecode.swift; path = Timer.swift; sourceTree = "<group>"; };
		C7B45C591D3E9149003AC44C /* CameraBarButton.swift */ = {isa = PBXFileReference; fileEncoding = 4; lastKnownFileType = sourcecode.swift; name = CameraBarButton.swift; path = Buttons/CameraBarButton.swift; sourceTree = "<group>"; };
		C7B45C5A1D3E9149003AC44C /* RecordButton.swift */ = {isa = PBXFileReference; fileEncoding = 4; lastKnownFileType = sourcecode.swift; name = RecordButton.swift; path = Buttons/RecordButton.swift; sourceTree = "<group>"; };
		C7F03DF81D3CBADA002B10C1 /* AZVideoRecorder.app */ = {isa = PBXFileReference; explicitFileType = wrapper.application; includeInIndex = 0; path = AZVideoRecorder.app; sourceTree = BUILT_PRODUCTS_DIR; };
		C7F03DFB1D3CBADA002B10C1 /* AppDelegate.swift */ = {isa = PBXFileReference; lastKnownFileType = sourcecode.swift; path = AppDelegate.swift; sourceTree = "<group>"; };
		C7F03DFD1D3CBADA002B10C1 /* ViewController.swift */ = {isa = PBXFileReference; lastKnownFileType = sourcecode.swift; path = ViewController.swift; sourceTree = "<group>"; };
		C7F03E001D3CBADA002B10C1 /* Base */ = {isa = PBXFileReference; lastKnownFileType = file.storyboard; name = Base; path = Base.lproj/Main.storyboard; sourceTree = "<group>"; };
		C7F03E021D3CBADA002B10C1 /* Assets.xcassets */ = {isa = PBXFileReference; lastKnownFileType = folder.assetcatalog; path = Assets.xcassets; sourceTree = "<group>"; };
		C7F03E051D3CBADA002B10C1 /* Base */ = {isa = PBXFileReference; lastKnownFileType = file.storyboard; name = Base; path = Base.lproj/LaunchScreen.storyboard; sourceTree = "<group>"; };
		C7F03E071D3CBADA002B10C1 /* Info.plist */ = {isa = PBXFileReference; lastKnownFileType = text.plist.xml; path = Info.plist; sourceTree = "<group>"; };
/* End PBXFileReference section */

/* Begin PBXFrameworksBuildPhase section */
		9B598F381F8BD7A400FCAB49 /* Frameworks */ = {
			isa = PBXFrameworksBuildPhase;
			buildActionMask = 2147483647;
			files = (
			);
			runOnlyForDeploymentPostprocessing = 0;
		};
		9BF62A531F8CFC0300AE9141 /* Frameworks */ = {
			isa = PBXFrameworksBuildPhase;
			buildActionMask = 2147483647;
			files = (
			);
			runOnlyForDeploymentPostprocessing = 0;
		};
		C7F03DF51D3CBADA002B10C1 /* Frameworks */ = {
			isa = PBXFrameworksBuildPhase;
			buildActionMask = 2147483647;
			files = (
				C745FABD1D3E243700289BBE /* AssetsLibrary.framework in Frameworks */,
				C733F3E11D3D18CE00072F73 /* AVFoundation.framework in Frameworks */,
			);
			runOnlyForDeploymentPostprocessing = 0;
		};
/* End PBXFrameworksBuildPhase section */

/* Begin PBXGroup section */
		9B598F3C1F8BD7A400FCAB49 /* VideoRecordTests */ = {
			isa = PBXGroup;
			children = (
				9B598F3D1F8BD7A400FCAB49 /* VideoRecordTests.swift */,
				9B598F3F1F8BD7A400FCAB49 /* Info.plist */,
			);
			path = VideoRecordTests;
			sourceTree = "<group>";
		};
		9BF62A571F8CFC0300AE9141 /* AZVideoRecorderUITests */ = {
			isa = PBXGroup;
			children = (
				9BF62A581F8CFC0300AE9141 /* AZVideoRecorderUITests.swift */,
				9BF62A5A1F8CFC0300AE9141 /* Info.plist */,
			);
			path = AZVideoRecorderUITests;
			sourceTree = "<group>";
		};
		9BFBA5C91F8BC1A70023EC7F /* view */ = {
			isa = PBXGroup;
			children = (
				9BFBA5CA1F8BC1D20023EC7F /* VideoCollectionCell.swift */,
			);
			name = view;
			sourceTree = "<group>";
		};
		C7B45C571D3E9108003AC44C /* Buttons */ = {
			isa = PBXGroup;
			children = (
				C7B45C591D3E9149003AC44C /* CameraBarButton.swift */,
				C7B45C5A1D3E9149003AC44C /* RecordButton.swift */,
			);
			name = Buttons;
			sourceTree = "<group>";
		};
		C7B45C581D3E9111003AC44C /* frameworks */ = {
			isa = PBXGroup;
			children = (
				C745FABC1D3E243700289BBE /* AssetsLibrary.framework */,
				C733F3DF1D3D18CE00072F73 /* AVFoundation.framework */,
			);
			name = frameworks;
			sourceTree = "<group>";
		};
		C7F03DEF1D3CBADA002B10C1 = {
			isa = PBXGroup;
			children = (
				C7F03DFA1D3CBADA002B10C1 /* VideoRecord */,
				C7B45C581D3E9111003AC44C /* frameworks */,
				9B598F3C1F8BD7A400FCAB49 /* VideoRecordTests */,
				9BF62A571F8CFC0300AE9141 /* AZVideoRecorderUITests */,
				C7F03DF91D3CBADA002B10C1 /* Products */,
			);
			sourceTree = "<group>";
		};
		C7F03DF91D3CBADA002B10C1 /* Products */ = {
			isa = PBXGroup;
			children = (
				C7F03DF81D3CBADA002B10C1 /* AZVideoRecorder.app */,
				9B598F3B1F8BD7A400FCAB49 /* AZVideoRecorderTests.xctest */,
				9BF62A561F8CFC0300AE9141 /* AZVideoRecorderUITests.xctest */,
			);
			name = Products;
			sourceTree = "<group>";
		};
		C7F03DFA1D3CBADA002B10C1 /* VideoRecord */ = {
			isa = PBXGroup;
			children = (
				9BFBA5C91F8BC1A70023EC7F /* view */,
				C7B45C571D3E9108003AC44C /* Buttons */,
				C7F03DFB1D3CBADA002B10C1 /* AppDelegate.swift */,
				C7F03DFD1D3CBADA002B10C1 /* ViewController.swift */,
				9B598F351F8BCFA400FCAB49 /* DataObserver.swift */,
				9BFBA5C71F8BBC6A0023EC7F /* CapturedVideosCollectionVC.swift */,
				C77575A71D4FAD8700215573 /* Timer.swift */,
				C73D7C201D55DE100065BB78 /* VideoRecorder.swift */,
				C7F03DFF1D3CBADA002B10C1 /* Main.storyboard */,
				C7F03E041D3CBADA002B10C1 /* LaunchScreen.storyboard */,
				C7F03E021D3CBADA002B10C1 /* Assets.xcassets */,
				C7F03E071D3CBADA002B10C1 /* Info.plist */,
				9BF62A4E1F8CEB3200AE9141 /* VideoUtils.swift */,
				9BF62A501F8CEC9F00AE9141 /* Video.swift */,
			);
			path = VideoRecord;
			sourceTree = "<group>";
		};
/* End PBXGroup section */

/* Begin PBXNativeTarget section */
		9B598F3A1F8BD7A400FCAB49 /* AZVideoRecorderTests */ = {
			isa = PBXNativeTarget;
			buildConfigurationList = 9B598F421F8BD7A400FCAB49 /* Build configuration list for PBXNativeTarget "AZVideoRecorderTests" */;
			buildPhases = (
				9B598F371F8BD7A400FCAB49 /* Sources */,
				9B598F381F8BD7A400FCAB49 /* Frameworks */,
				9B598F391F8BD7A400FCAB49 /* Resources */,
			);
			buildRules = (
			);
			dependencies = (
				9B598F411F8BD7A400FCAB49 /* PBXTargetDependency */,
			);
			name = AZVideoRecorderTests;
			productName = VideoRecordTests;
			productReference = 9B598F3B1F8BD7A400FCAB49 /* AZVideoRecorderTests.xctest */;
			productType = "com.apple.product-type.bundle.unit-test";
		};
		9BF62A551F8CFC0300AE9141 /* AZVideoRecorderUITests */ = {
			isa = PBXNativeTarget;
			buildConfigurationList = 9BF62A5D1F8CFC0300AE9141 /* Build configuration list for PBXNativeTarget "AZVideoRecorderUITests" */;
			buildPhases = (
				9BF62A521F8CFC0300AE9141 /* Sources */,
				9BF62A531F8CFC0300AE9141 /* Frameworks */,
				9BF62A541F8CFC0300AE9141 /* Resources */,
			);
			buildRules = (
			);
			dependencies = (
				9BF62A5C1F8CFC0300AE9141 /* PBXTargetDependency */,
			);
			name = AZVideoRecorderUITests;
			productName = AZVideoRecorderUITests;
			productReference = 9BF62A561F8CFC0300AE9141 /* AZVideoRecorderUITests.xctest */;
			productType = "com.apple.product-type.bundle.ui-testing";
		};
		C7F03DF71D3CBADA002B10C1 /* AZVideoRecorder */ = {
			isa = PBXNativeTarget;
			buildConfigurationList = C7F03E0A1D3CBADA002B10C1 /* Build configuration list for PBXNativeTarget "AZVideoRecorder" */;
			buildPhases = (
				C7F03DF41D3CBADA002B10C1 /* Sources */,
				C7F03DF51D3CBADA002B10C1 /* Frameworks */,
				C7F03DF61D3CBADA002B10C1 /* Resources */,
			);
			buildRules = (
			);
			dependencies = (
			);
			name = AZVideoRecorder;
			productName = VideoRecord;
			productReference = C7F03DF81D3CBADA002B10C1 /* AZVideoRecorder.app */;
			productType = "com.apple.product-type.application";
		};
/* End PBXNativeTarget section */

/* Begin PBXProject section */
		C7F03DF01D3CBADA002B10C1 /* Project object */ = {
			isa = PBXProject;
			attributes = {
				LastSwiftUpdateCheck = 0900;
				LastUpgradeCheck = 0900;
				ORGANIZATIONNAME = "Alex Zbirnik";
				TargetAttributes = {
					9B598F3A1F8BD7A400FCAB49 = {
						CreatedOnToolsVersion = 9.0;
						DevelopmentTeam = C5JGX3BV9X;
						ProvisioningStyle = Automatic;
						TestTargetID = C7F03DF71D3CBADA002B10C1;
					};
					9BF62A551F8CFC0300AE9141 = {
						CreatedOnToolsVersion = 9.0;
						ProvisioningStyle = Automatic;
						TestTargetID = C7F03DF71D3CBADA002B10C1;
					};
					C7F03DF71D3CBADA002B10C1 = {
						CreatedOnToolsVersion = 7.3.1;
						DevelopmentTeam = C5JGX3BV9X;
						LastSwiftMigration = 0800;
					};
				};
			};
			buildConfigurationList = C7F03DF31D3CBADA002B10C1 /* Build configuration list for PBXProject "AZVideoRecorder" */;
			compatibilityVersion = "Xcode 3.2";
			developmentRegion = English;
			hasScannedForEncodings = 0;
			knownRegions = (
				en,
				Base,
			);
			mainGroup = C7F03DEF1D3CBADA002B10C1;
			productRefGroup = C7F03DF91D3CBADA002B10C1 /* Products */;
			projectDirPath = "";
			projectRoot = "";
			targets = (
				C7F03DF71D3CBADA002B10C1 /* AZVideoRecorder */,
				9B598F3A1F8BD7A400FCAB49 /* AZVideoRecorderTests */,
				9BF62A551F8CFC0300AE9141 /* AZVideoRecorderUITests */,
			);
		};
/* End PBXProject section */

/* Begin PBXResourcesBuildPhase section */
		9B598F391F8BD7A400FCAB49 /* Resources */ = {
			isa = PBXResourcesBuildPhase;
			buildActionMask = 2147483647;
			files = (
			);
			runOnlyForDeploymentPostprocessing = 0;
		};
		9BF62A541F8CFC0300AE9141 /* Resources */ = {
			isa = PBXResourcesBuildPhase;
			buildActionMask = 2147483647;
			files = (
			);
			runOnlyForDeploymentPostprocessing = 0;
		};
		C7F03DF61D3CBADA002B10C1 /* Resources */ = {
			isa = PBXResourcesBuildPhase;
			buildActionMask = 2147483647;
			files = (
				C7F03E061D3CBADA002B10C1 /* LaunchScreen.storyboard in Resources */,
				C7F03E031D3CBADA002B10C1 /* Assets.xcassets in Resources */,
				C7F03E011D3CBADA002B10C1 /* Main.storyboard in Resources */,
			);
			runOnlyForDeploymentPostprocessing = 0;
		};
/* End PBXResourcesBuildPhase section */

/* Begin PBXSourcesBuildPhase section */
		9B598F371F8BD7A400FCAB49 /* Sources */ = {
			isa = PBXSourcesBuildPhase;
			buildActionMask = 2147483647;
			files = (
				9B598F3E1F8BD7A400FCAB49 /* VideoRecordTests.swift in Sources */,
			);
			runOnlyForDeploymentPostprocessing = 0;
		};
		9BF62A521F8CFC0300AE9141 /* Sources */ = {
			isa = PBXSourcesBuildPhase;
			buildActionMask = 2147483647;
			files = (
				9BF62A591F8CFC0300AE9141 /* AZVideoRecorderUITests.swift in Sources */,
			);
			runOnlyForDeploymentPostprocessing = 0;
		};
		C7F03DF41D3CBADA002B10C1 /* Sources */ = {
			isa = PBXSourcesBuildPhase;
			buildActionMask = 2147483647;
			files = (
				C7B45C5C1D3E9149003AC44C /* RecordButton.swift in Sources */,
				C7B45C5B1D3E9149003AC44C /* CameraBarButton.swift in Sources */,
				9B598F361F8BCFA400FCAB49 /* DataObserver.swift in Sources */,
				C7F03DFE1D3CBADA002B10C1 /* ViewController.swift in Sources */,
				C77575A81D4FAD8700215573 /* Timer.swift in Sources */,
				C7F03DFC1D3CBADA002B10C1 /* AppDelegate.swift in Sources */,
				9BFBA5C81F8BBC6A0023EC7F /* CapturedVideosCollectionVC.swift in Sources */,
				9BF62A511F8CEC9F00AE9141 /* Video.swift in Sources */,
				C73D7C211D55DE100065BB78 /* VideoRecorder.swift in Sources */,
				9BFBA5CB1F8BC1D20023EC7F /* VideoCollectionCell.swift in Sources */,
				9BF62A4F1F8CEB3200AE9141 /* VideoUtils.swift in Sources */,
			);
			runOnlyForDeploymentPostprocessing = 0;
		};
/* End PBXSourcesBuildPhase section */

/* Begin PBXTargetDependency section */
		9B598F411F8BD7A400FCAB49 /* PBXTargetDependency */ = {
			isa = PBXTargetDependency;
			target = C7F03DF71D3CBADA002B10C1 /* AZVideoRecorder */;
			targetProxy = 9B598F401F8BD7A400FCAB49 /* PBXContainerItemProxy */;
		};
		9BF62A5C1F8CFC0300AE9141 /* PBXTargetDependency */ = {
			isa = PBXTargetDependency;
			target = C7F03DF71D3CBADA002B10C1 /* AZVideoRecorder */;
			targetProxy = 9BF62A5B1F8CFC0300AE9141 /* PBXContainerItemProxy */;
		};
/* End PBXTargetDependency section */

/* Begin PBXVariantGroup section */
		C7F03DFF1D3CBADA002B10C1 /* Main.storyboard */ = {
			isa = PBXVariantGroup;
			children = (
				C7F03E001D3CBADA002B10C1 /* Base */,
			);
			name = Main.storyboard;
			sourceTree = "<group>";
		};
		C7F03E041D3CBADA002B10C1 /* LaunchScreen.storyboard */ = {
			isa = PBXVariantGroup;
			children = (
				C7F03E051D3CBADA002B10C1 /* Base */,
			);
			name = LaunchScreen.storyboard;
			sourceTree = "<group>";
		};
/* End PBXVariantGroup section */

/* Begin XCBuildConfiguration section */
		9B598F431F8BD7A400FCAB49 /* Debug */ = {
			isa = XCBuildConfiguration;
			buildSettings = {
				BUNDLE_LOADER = "$(TEST_HOST)";
				CLANG_ANALYZER_NUMBER_OBJECT_CONVERSION = YES_AGGRESSIVE;
				CLANG_CXX_LANGUAGE_STANDARD = "gnu++14";
				CLANG_WARN_BLOCK_CAPTURE_AUTORELEASING = YES;
				CLANG_WARN_COMMA = YES;
				CLANG_WARN_DOCUMENTATION_COMMENTS = YES;
				CLANG_WARN_NON_LITERAL_NULL_CONVERSION = YES;
				CLANG_WARN_OBJC_LITERAL_CONVERSION = YES;
				CLANG_WARN_RANGE_LOOP_ANALYSIS = YES;
				CLANG_WARN_STRICT_PROTOTYPES = YES;
				CLANG_WARN_UNGUARDED_AVAILABILITY = YES_AGGRESSIVE;
				CODE_SIGN_IDENTITY = "iPhone Developer";
				CODE_SIGN_STYLE = Automatic;
				DEVELOPMENT_TEAM = C5JGX3BV9X;
				GCC_C_LANGUAGE_STANDARD = gnu11;
				INFOPLIST_FILE = VideoRecordTests/Info.plist;
				IPHONEOS_DEPLOYMENT_TARGET = 11.0;
				LD_RUNPATH_SEARCH_PATHS = "$(inherited) @executable_path/Frameworks @loader_path/Frameworks";
				PRODUCT_BUNDLE_IDENTIFIER = com.aone.VideoRecordTests;
				PRODUCT_NAME = "$(TARGET_NAME)";
				SWIFT_ACTIVE_COMPILATION_CONDITIONS = DEBUG;
				SWIFT_VERSION = 4.0;
				TARGETED_DEVICE_FAMILY = "1,2";
				TEST_HOST = "$(BUILT_PRODUCTS_DIR)/AZVideoRecorder.app/AZVideoRecorder";
			};
			name = Debug;
		};
		9B598F441F8BD7A400FCAB49 /* Release */ = {
			isa = XCBuildConfiguration;
			buildSettings = {
				BUNDLE_LOADER = "$(TEST_HOST)";
				CLANG_ANALYZER_NUMBER_OBJECT_CONVERSION = YES_AGGRESSIVE;
				CLANG_CXX_LANGUAGE_STANDARD = "gnu++14";
				CLANG_WARN_BLOCK_CAPTURE_AUTORELEASING = YES;
				CLANG_WARN_COMMA = YES;
				CLANG_WARN_DOCUMENTATION_COMMENTS = YES;
				CLANG_WARN_NON_LITERAL_NULL_CONVERSION = YES;
				CLANG_WARN_OBJC_LITERAL_CONVERSION = YES;
				CLANG_WARN_RANGE_LOOP_ANALYSIS = YES;
				CLANG_WARN_STRICT_PROTOTYPES = YES;
				CLANG_WARN_UNGUARDED_AVAILABILITY = YES_AGGRESSIVE;
				CODE_SIGN_IDENTITY = "iPhone Developer";
				CODE_SIGN_STYLE = Automatic;
				DEVELOPMENT_TEAM = C5JGX3BV9X;
				GCC_C_LANGUAGE_STANDARD = gnu11;
				INFOPLIST_FILE = VideoRecordTests/Info.plist;
				IPHONEOS_DEPLOYMENT_TARGET = 11.0;
				LD_RUNPATH_SEARCH_PATHS = "$(inherited) @executable_path/Frameworks @loader_path/Frameworks";
				PRODUCT_BUNDLE_IDENTIFIER = com.aone.VideoRecordTests;
				PRODUCT_NAME = "$(TARGET_NAME)";
				SWIFT_VERSION = 4.0;
				TARGETED_DEVICE_FAMILY = "1,2";
				TEST_HOST = "$(BUILT_PRODUCTS_DIR)/AZVideoRecorder.app/AZVideoRecorder";
			};
			name = Release;
		};
		9BF62A5E1F8CFC0300AE9141 /* Debug */ = {
			isa = XCBuildConfiguration;
			buildSettings = {
				CLANG_ANALYZER_NUMBER_OBJECT_CONVERSION = YES_AGGRESSIVE;
				CLANG_CXX_LANGUAGE_STANDARD = "gnu++14";
				CLANG_WARN_DOCUMENTATION_COMMENTS = YES;
				CLANG_WARN_UNGUARDED_AVAILABILITY = YES_AGGRESSIVE;
				CODE_SIGN_IDENTITY = "iPhone Developer";
				CODE_SIGN_STYLE = Automatic;
				GCC_C_LANGUAGE_STANDARD = gnu11;
				INFOPLIST_FILE = AZVideoRecorderUITests/Info.plist;
				IPHONEOS_DEPLOYMENT_TARGET = 11.0;
				LD_RUNPATH_SEARCH_PATHS = "$(inherited) @executable_path/Frameworks @loader_path/Frameworks";
				PRODUCT_BUNDLE_IDENTIFIER = com.aone.AZVideoRecorderUITests;
				PRODUCT_NAME = "$(TARGET_NAME)";
				SWIFT_ACTIVE_COMPILATION_CONDITIONS = DEBUG;
				SWIFT_VERSION = 4.0;
				TARGETED_DEVICE_FAMILY = "1,2";
				TEST_TARGET_NAME = AZVideoRecorder;
			};
			name = Debug;
		};
		9BF62A5F1F8CFC0300AE9141 /* Release */ = {
			isa = XCBuildConfiguration;
			buildSettings = {
				CLANG_ANALYZER_NUMBER_OBJECT_CONVERSION = YES_AGGRESSIVE;
				CLANG_CXX_LANGUAGE_STANDARD = "gnu++14";
				CLANG_WARN_DOCUMENTATION_COMMENTS = YES;
				CLANG_WARN_UNGUARDED_AVAILABILITY = YES_AGGRESSIVE;
				CODE_SIGN_IDENTITY = "iPhone Developer";
				CODE_SIGN_STYLE = Automatic;
				GCC_C_LANGUAGE_STANDARD = gnu11;
				INFOPLIST_FILE = AZVideoRecorderUITests/Info.plist;
				IPHONEOS_DEPLOYMENT_TARGET = 11.0;
				LD_RUNPATH_SEARCH_PATHS = "$(inherited) @executable_path/Frameworks @loader_path/Frameworks";
				PRODUCT_BUNDLE_IDENTIFIER = com.aone.AZVideoRecorderUITests;
				PRODUCT_NAME = "$(TARGET_NAME)";
				SWIFT_VERSION = 4.0;
				TARGETED_DEVICE_FAMILY = "1,2";
				TEST_TARGET_NAME = AZVideoRecorder;
			};
			name = Release;
		};
		C7F03E081D3CBADA002B10C1 /* Debug */ = {
			isa = XCBuildConfiguration;
			buildSettings = {
				ALWAYS_SEARCH_USER_PATHS = NO;
				CLANG_ANALYZER_NONNULL = YES;
				CLANG_CXX_LANGUAGE_STANDARD = "gnu++0x";
				CLANG_CXX_LIBRARY = "libc++";
				CLANG_ENABLE_MODULES = YES;
				CLANG_ENABLE_OBJC_ARC = YES;
				CLANG_WARN_BLOCK_CAPTURE_AUTORELEASING = YES;
				CLANG_WARN_BOOL_CONVERSION = YES;
				CLANG_WARN_COMMA = YES;
				CLANG_WARN_CONSTANT_CONVERSION = YES;
				CLANG_WARN_DIRECT_OBJC_ISA_USAGE = YES_ERROR;
				CLANG_WARN_EMPTY_BODY = YES;
				CLANG_WARN_ENUM_CONVERSION = YES;
				CLANG_WARN_INFINITE_RECURSION = YES;
				CLANG_WARN_INT_CONVERSION = YES;
				CLANG_WARN_NON_LITERAL_NULL_CONVERSION = YES;
				CLANG_WARN_OBJC_LITERAL_CONVERSION = YES;
				CLANG_WARN_OBJC_ROOT_CLASS = YES_ERROR;
				CLANG_WARN_RANGE_LOOP_ANALYSIS = YES;
				CLANG_WARN_STRICT_PROTOTYPES = YES;
				CLANG_WARN_SUSPICIOUS_MOVE = YES;
				CLANG_WARN_UNREACHABLE_CODE = YES;
				CLANG_WARN__DUPLICATE_METHOD_MATCH = YES;
				"CODE_SIGN_IDENTITY[sdk=iphoneos*]" = "iPhone Developer";
				COPY_PHASE_STRIP = NO;
				DEBUG_INFORMATION_FORMAT = dwarf;
				ENABLE_STRICT_OBJC_MSGSEND = YES;
				ENABLE_TESTABILITY = YES;
				GCC_C_LANGUAGE_STANDARD = gnu99;
				GCC_DYNAMIC_NO_PIC = NO;
				GCC_NO_COMMON_BLOCKS = YES;
				GCC_OPTIMIZATION_LEVEL = 0;
				GCC_PREPROCESSOR_DEFINITIONS = (
					"DEBUG=1",
					"$(inherited)",
				);
				GCC_WARN_64_TO_32_BIT_CONVERSION = YES;
				GCC_WARN_ABOUT_RETURN_TYPE = YES_ERROR;
				GCC_WARN_UNDECLARED_SELECTOR = YES;
				GCC_WARN_UNINITIALIZED_AUTOS = YES_AGGRESSIVE;
				GCC_WARN_UNUSED_FUNCTION = YES;
				GCC_WARN_UNUSED_VARIABLE = YES;
				IPHONEOS_DEPLOYMENT_TARGET = 9.3;
				MTL_ENABLE_DEBUG_INFO = YES;
				ONLY_ACTIVE_ARCH = YES;
				SDKROOT = iphoneos;
				SWIFT_OPTIMIZATION_LEVEL = "-Onone";
				TARGETED_DEVICE_FAMILY = "1,2";
			};
			name = Debug;
		};
		C7F03E091D3CBADA002B10C1 /* Release */ = {
			isa = XCBuildConfiguration;
			buildSettings = {
				ALWAYS_SEARCH_USER_PATHS = NO;
				CLANG_ANALYZER_NONNULL = YES;
				CLANG_CXX_LANGUAGE_STANDARD = "gnu++0x";
				CLANG_CXX_LIBRARY = "libc++";
				CLANG_ENABLE_MODULES = YES;
				CLANG_ENABLE_OBJC_ARC = YES;
				CLANG_WARN_BLOCK_CAPTURE_AUTORELEASING = YES;
				CLANG_WARN_BOOL_CONVERSION = YES;
				CLANG_WARN_COMMA = YES;
				CLANG_WARN_CONSTANT_CONVERSION = YES;
				CLANG_WARN_DIRECT_OBJC_ISA_USAGE = YES_ERROR;
				CLANG_WARN_EMPTY_BODY = YES;
				CLANG_WARN_ENUM_CONVERSION = YES;
				CLANG_WARN_INFINITE_RECURSION = YES;
				CLANG_WARN_INT_CONVERSION = YES;
				CLANG_WARN_NON_LITERAL_NULL_CONVERSION = YES;
				CLANG_WARN_OBJC_LITERAL_CONVERSION = YES;
				CLANG_WARN_OBJC_ROOT_CLASS = YES_ERROR;
				CLANG_WARN_RANGE_LOOP_ANALYSIS = YES;
				CLANG_WARN_STRICT_PROTOTYPES = YES;
				CLANG_WARN_SUSPICIOUS_MOVE = YES;
				CLANG_WARN_UNREACHABLE_CODE = YES;
				CLANG_WARN__DUPLICATE_METHOD_MATCH = YES;
				"CODE_SIGN_IDENTITY[sdk=iphoneos*]" = "iPhone Developer";
				COPY_PHASE_STRIP = NO;
				DEBUG_INFORMATION_FORMAT = "dwarf-with-dsym";
				ENABLE_NS_ASSERTIONS = NO;
				ENABLE_STRICT_OBJC_MSGSEND = YES;
				GCC_C_LANGUAGE_STANDARD = gnu99;
				GCC_NO_COMMON_BLOCKS = YES;
				GCC_WARN_64_TO_32_BIT_CONVERSION = YES;
				GCC_WARN_ABOUT_RETURN_TYPE = YES_ERROR;
				GCC_WARN_UNDECLARED_SELECTOR = YES;
				GCC_WARN_UNINITIALIZED_AUTOS = YES_AGGRESSIVE;
				GCC_WARN_UNUSED_FUNCTION = YES;
				GCC_WARN_UNUSED_VARIABLE = YES;
				IPHONEOS_DEPLOYMENT_TARGET = 9.3;
				MTL_ENABLE_DEBUG_INFO = NO;
				SDKROOT = iphoneos;
				SWIFT_OPTIMIZATION_LEVEL = "-Owholemodule";
				TARGETED_DEVICE_FAMILY = "1,2";
				VALIDATE_PRODUCT = YES;
			};
			name = Release;
		};
		C7F03E0B1D3CBADA002B10C1 /* Debug */ = {
			isa = XCBuildConfiguration;
			buildSettings = {
				ASSETCATALOG_COMPILER_APPICON_NAME = AppIcon;
				DEVELOPMENT_TEAM = C5JGX3BV9X;
				INFOPLIST_FILE = VideoRecord/Info.plist;
				IPHONEOS_DEPLOYMENT_TARGET = 8.0;
				LD_RUNPATH_SEARCH_PATHS = "$(inherited) @executable_path/Frameworks";
				PRODUCT_BUNDLE_IDENTIFIER = VideoRecord;
				PRODUCT_NAME = "$(TARGET_NAME)";
				SWIFT_VERSION = 3.0;
				TARGETED_DEVICE_FAMILY = "1,2";
			};
			name = Debug;
		};
		C7F03E0C1D3CBADA002B10C1 /* Release */ = {
			isa = XCBuildConfiguration;
			buildSettings = {
				ASSETCATALOG_COMPILER_APPICON_NAME = AppIcon;
				DEVELOPMENT_TEAM = C5JGX3BV9X;
				INFOPLIST_FILE = VideoRecord/Info.plist;
				IPHONEOS_DEPLOYMENT_TARGET = 8.0;
				LD_RUNPATH_SEARCH_PATHS = "$(inherited) @executable_path/Frameworks";
				PRODUCT_BUNDLE_IDENTIFIER = VideoRecord;
				PRODUCT_NAME = "$(TARGET_NAME)";
				SWIFT_VERSION = 3.0;
				TARGETED_DEVICE_FAMILY = "1,2";
			};
			name = Release;
		};
/* End XCBuildConfiguration section */

/* Begin XCConfigurationList section */
		9B598F421F8BD7A400FCAB49 /* Build configuration list for PBXNativeTarget "AZVideoRecorderTests" */ = {
			isa = XCConfigurationList;
			buildConfigurations = (
				9B598F431F8BD7A400FCAB49 /* Debug */,
				9B598F441F8BD7A400FCAB49 /* Release */,
			);
			defaultConfigurationIsVisible = 0;
			defaultConfigurationName = Release;
		};
		9BF62A5D1F8CFC0300AE9141 /* Build configuration list for PBXNativeTarget "AZVideoRecorderUITests" */ = {
			isa = XCConfigurationList;
			buildConfigurations = (
				9BF62A5E1F8CFC0300AE9141 /* Debug */,
				9BF62A5F1F8CFC0300AE9141 /* Release */,
			);
			defaultConfigurationIsVisible = 0;
			defaultConfigurationName = Release;
		};
		C7F03DF31D3CBADA002B10C1 /* Build configuration list for PBXProject "AZVideoRecorder" */ = {
			isa = XCConfigurationList;
			buildConfigurations = (
				C7F03E081D3CBADA002B10C1 /* Debug */,
				C7F03E091D3CBADA002B10C1 /* Release */,
			);
			defaultConfigurationIsVisible = 0;
			defaultConfigurationName = Release;
		};
		C7F03E0A1D3CBADA002B10C1 /* Build configuration list for PBXNativeTarget "AZVideoRecorder" */ = {
			isa = XCConfigurationList;
			buildConfigurations = (
				C7F03E0B1D3CBADA002B10C1 /* Debug */,
				C7F03E0C1D3CBADA002B10C1 /* Release */,
			);
			defaultConfigurationIsVisible = 0;
			defaultConfigurationName = Release;
		};
/* End XCConfigurationList section */
	};
	rootObject = C7F03DF01D3CBADA002B10C1 /* Project object */;
}
